
Microsoft Visual Studio Solution File, Format Version 12.00
# Visual Studio Version 17
VisualStudioVersion = 17.11.35222.181
MinimumVisualStudioVersion = 10.0.40219.1
Project("{FAE04EC0-301F-11D3-BF4B-00C04F79EFBC}") = "WebApplication1", "WebApplication1\WebApplication1.csproj", "{714144B8-E04A-4A20-83B8-E6CF7120574F}"
EndProject
Global
	GlobalSection(SolutionConfigurationPlatforms) = preSolution
		Debug|Any CPU = Debug|Any CPU
		Release|Any CPU = Release|Any CPU
	EndGlobalSection
	GlobalSection(ProjectConfigurationPlatforms) = postSolution
		{714144B8-E04A-4A20-83B8-E6CF7120574F}.Debug|Any CPU.ActiveCfg = Debug|Any CPU
		{714144B8-E04A-4A20-83B8-E6CF7120574F}.Debug|Any CPU.Build.0 = Debug|Any CPU
		{714144B8-E04A-4A20-83B8-E6CF7120574F}.Release|Any CPU.ActiveCfg = Release|Any CPU
		{714144B8-E04A-4A20-83B8-E6CF7120574F}.Release|Any CPU.Build.0 = Release|Any CPU
	EndGlobalSection
	GlobalSection(SolutionProperties) = preSolution
		HideSolutionNode = FALSE
	EndGlobalSection
	GlobalSection(ExtensibilityGlobals) = postSolution
		SolutionGuid = {2DF34733-B9A9-48FD-84E8-A1DD5B59149E}
	EndGlobalSection
EndGlobal
